{
  "name": "download_at_trustlist",
  "version": "1.0.0",
  "lockfileVersion": 1,
  "requires": true,
  "dependencies": {
    "@cto.af/textdecoder": {
      "version": "0.0.0",
      "resolved": "https://registry.npmjs.org/@cto.af/textdecoder/-/textdecoder-0.0.0.tgz",
      "integrity": "sha512-sJpx3F5xcVV/9jNYJQtvimo4Vfld/nD3ph+ZWtQzZ03Zo8rJC7QKQTRcIGS13Rcz80DwFNthCWMrd58vpY4ZAQ=="
    },
    "cbor": {
      "version": "7.0.6",
      "resolved": "https://registry.npmjs.org/cbor/-/cbor-7.0.6.tgz",
      "integrity": "sha512-rgt2RFogHGDLFU5r0kSfyeBc+de55DwYHP73KxKsQxsR5b0CYuQPH6AnJaXByiohpLdjQqj/K0SFcOV+dXdhSA==",
      "requires": {
        "@cto.af/textdecoder": "^0.0.0",
        "nofilter": "^2.0.3"
      }
    },
    "nofilter": {
      "version": "2.0.3",
      "resolved": "https://registry.npmjs.org/nofilter/-/nofilter-2.0.3.tgz",
      "integrity": "sha512-FbuXC+lK+GU2+63D1kC1ETiZo+Z7SIi7B+mxKTCH1byrh6WFvfBCN/wpherFz0a0bjGd7EKTst/cz0yLeNngug==",
      "requires": {
        "@cto.af/textdecoder": "^0.0.0"
      }
    }
  }
}
